<?xml version="1.0" encoding="utf-8"?>
<Project ToolsVersion="4.0" xmlns="http://schemas.microsoft.com/developer/msbuild/2003">
  <ItemGroup>
    <Filter Include="CatEngine">
      <UniqueIdentifier>{B311F87D-1F7C-ACF4-68BA-5D9AD4638A49}</UniqueIdentifier>
    </Filter>
    <Filter Include="CatEngine\Core">
      <UniqueIdentifier>{EB3DAF45-D70B-A34B-C09F-1372AC0C7FB0}</UniqueIdentifier>
    </Filter>
    <Filter Include="CatEngine\Events">
      <UniqueIdentifier>{37769873-236F-B7C5-4CA1-9C4A38F996D1}</UniqueIdentifier>
    </Filter>
  </ItemGroup>
  <ItemGroup>
    <ClInclude Include="src\CatEngine.h" />
    <ClInclude Include="src\CatEngine\Core\EntryPoint.h">
      <Filter>CatEngine\Core</Filter>
    </ClInclude>
    <ClInclude Include="src\CatEngine\Core\Log.h">
      <Filter>CatEngine\Core</Filter>
    </ClInclude>
    <ClInclude Include="src\CatEngine\Engine.h">
      <Filter>CatEngine</Filter>
    </ClInclude>
    <ClInclude Include="src\CatEngine\Events\Event.h">
      <Filter>CatEngine\Events</Filter>
    </ClInclude>
    <ClInclude Include="src\cepch.h" />
  </ItemGroup>
  <ItemGroup>
    <ClCompile Include="src\CatEngine\Core\Log.cpp">
      <Filter>CatEngine\Core</Filter>
    </ClCompile>
    <ClCompile Include="src\CatEngine\Engine.cpp">
      <Filter>CatEngine</Filter>
    </ClCompile>
    <ClCompile Include="src\cepch.cpp" />
  </ItemGroup>
</Project>